
Microsoft Visual Studio Solution File, Format Version 12.00
# Visual Studio Version 17
VisualStudioVersion = 17.11.35312.102
MinimumVisualStudioVersion = 10.0.40219.1
Project("{9A19103F-16F7-4668-BE54-9A1E7A4F7556}") = "GQLAPI", "GQLAPI\GQLAPI.csproj", "{6B39F792-DEB8-454F-8B41-9D0A43813473}"
EndProject
Project("{FAE04EC0-301F-11D3-BF4B-00C04F79EFBC}") = "GQLDomain", "GQLDomain\GQLDomain.csproj", "{A3B68E77-5D57-4DE0-B44C-15012D99FC6A}"
EndProject
Project("{FAE04EC0-301F-11D3-BF4B-00C04F79EFBC}") = "GQLInfrastructure", "GQLInfrastructure\GQLInfrastructure.csproj", "{A67F9E3B-0D9D-46F3-BC8C-1BEC1510E920}"
EndProject
Global
	GlobalSection(SolutionConfigurationPlatforms) = preSolution
		Debug|Any CPU = Debug|Any CPU
		Release|Any CPU = Release|Any CPU
	EndGlobalSection
	GlobalSection(ProjectConfigurationPlatforms) = postSolution
		{6B39F792-DEB8-454F-8B41-9D0A43813473}.Debug|Any CPU.ActiveCfg = Debug|Any CPU
		{6B39F792-DEB8-454F-8B41-9D0A43813473}.Debug|Any CPU.Build.0 = Debug|Any CPU
		{6B39F792-DEB8-454F-8B41-9D0A43813473}.Release|Any CPU.ActiveCfg = Release|Any CPU
		{6B39F792-DEB8-454F-8B41-9D0A43813473}.Release|Any CPU.Build.0 = Release|Any CPU
		{A3B68E77-5D57-4DE0-B44C-15012D99FC6A}.Debug|Any CPU.ActiveCfg = Debug|Any CPU
		{A3B68E77-5D57-4DE0-B44C-15012D99FC6A}.Debug|Any CPU.Build.0 = Debug|Any CPU
		{A3B68E77-5D57-4DE0-B44C-15012D99FC6A}.Release|Any CPU.ActiveCfg = Release|Any CPU
		{A3B68E77-5D57-4DE0-B44C-15012D99FC6A}.Release|Any CPU.Build.0 = Release|Any CPU
		{A67F9E3B-0D9D-46F3-BC8C-1BEC1510E920}.Debug|Any CPU.ActiveCfg = Debug|Any CPU
		{A67F9E3B-0D9D-46F3-BC8C-1BEC1510E920}.Debug|Any CPU.Build.0 = Debug|Any CPU
		{A67F9E3B-0D9D-46F3-BC8C-1BEC1510E920}.Release|Any CPU.ActiveCfg = Release|Any CPU
		{A67F9E3B-0D9D-46F3-BC8C-1BEC1510E920}.Release|Any CPU.Build.0 = Release|Any CPU
	EndGlobalSection
	GlobalSection(SolutionProperties) = preSolution
		HideSolutionNode = FALSE
	EndGlobalSection
	GlobalSection(ExtensibilityGlobals) = postSolution
		SolutionGuid = {E60CA5FD-F0C6-451F-94F2-CC7B8A1D8142}
	EndGlobalSection
EndGlobal
